// !$*UTF8*$!
{
	archiveVersion = 1;
	classes = {
	};
	objectVersion = 46;
	objects = {

/* Begin PBXBuildFile section */
		90805A3C1A41A4C800DAA716 /* AppDelegate.swift in Sources */ = {isa = PBXBuildFile; fileRef = 90805A3B1A41A4C800DAA716 /* AppDelegate.swift */; };
		90805A3E1A41A4C800DAA716 /* ViewController.swift in Sources */ = {isa = PBXBuildFile; fileRef = 90805A3D1A41A4C800DAA716 /* ViewController.swift */; };
		90805A411A41A4C800DAA716 /* Main.storyboard in Resources */ = {isa = PBXBuildFile; fileRef = 90805A3F1A41A4C800DAA716 /* Main.storyboard */; };
		90805A431A41A4C800DAA716 /* Images.xcassets in Resources */ = {isa = PBXBuildFile; fileRef = 90805A421A41A4C800DAA716 /* Images.xcassets */; };
		90805A461A41A4C800DAA716 /* LaunchScreen.xib in Resources */ = {isa = PBXBuildFile; fileRef = 90805A441A41A4C800DAA716 /* LaunchScreen.xib */; };
		90805A521A41A4C800DAA716 /* SegmentedControlBspTests.swift in Sources */ = {isa = PBXBuildFile; fileRef = 90805A511A41A4C800DAA716 /* SegmentedControlBspTests.swift */; };
/* End PBXBuildFile section */

/* Begin PBXContainerItemProxy section */
		90805A4C1A41A4C800DAA716 /* PBXContainerItemProxy */ = {
			isa = PBXContainerItemProxy;
			containerPortal = 90805A2E1A41A4C800DAA716 /* Project object */;
			proxyType = 1;
			remoteGlobalIDString = 90805A351A41A4C800DAA716;
			remoteInfo = SegmentedControlBsp;
		};
/* End PBXContainerItemProxy section */

/* Begin PBXFileReference section */
		90805A361A41A4C800DAA716 /* SegmentedControlBsp.app */ = {isa = PBXFileReference; explicitFileType = wrapper.application; includeInIndex = 0; path = SegmentedControlBsp.app; sourceTree = BUILT_PRODUCTS_DIR; };
		90805A3A1A41A4C800DAA716 /* Info.plist */ = {isa = PBXFileReference; lastKnownFileType = text.plist.xml; path = Info.plist; sourceTree = "<group>"; };
		90805A3B1A41A4C800DAA716 /* AppDelegate.swift */ = {isa = PBXFileReference; lastKnownFileType = sourcecode.swift; path = AppDelegate.swift; sourceTree = "<group>"; };
		90805A3D1A41A4C800DAA716 /* ViewController.swift */ = {isa = PBXFileReference; lastKnownFileType = sourcecode.swift; path = ViewController.swift; sourceTree = "<group>"; };
		90805A401A41A4C800DAA716 /* Base */ = {isa = PBXFileReference; lastKnownFileType = file.storyboard; name = Base; path = Base.lproj/Main.storyboard; sourceTree = "<group>"; };
		90805A421A41A4C800DAA716 /* Images.xcassets */ = {isa = PBXFileReference; lastKnownFileType = folder.assetcatalog; path = Images.xcassets; sourceTree = "<group>"; };
		90805A451A41A4C800DAA716 /* Base */ = {isa = PBXFileReference; lastKnownFileType = file.xib; name = Base; path = Base.lproj/LaunchScreen.xib; sourceTree = "<group>"; };
		90805A4B1A41A4C800DAA716 /* SegmentedControlBspTests.xctest */ = {isa = PBXFileReference; explicitFileType = wrapper.cfbundle; includeInIndex = 0; path = SegmentedControlBspTests.xctest; sourceTree = BUILT_PRODUCTS_DIR; };
		90805A501A41A4C800DAA716 /* Info.plist */ = {isa = PBXFileReference; lastKnownFileType = text.plist.xml; path = Info.plist; sourceTree = "<group>"; };
		90805A511A41A4C800DAA716 /* SegmentedControlBspTests.swift */ = {isa = PBXFileReference; lastKnownFileType = sourcecode.swift; path = SegmentedControlBspTests.swift; sourceTree = "<group>"; };
/* End PBXFileReference section */

/* Begin PBXFrameworksBuildPhase section */
		90805A331A41A4C800DAA716 /* Frameworks */ = {
			isa = PBXFrameworksBuildPhase;
			buildActionMask = 2147483647;
			files = (
			);
			runOnlyForDeploymentPostprocessing = 0;
		};
		90805A481A41A4C800DAA716 /* Frameworks */ = {
			isa = PBXFrameworksBuildPhase;
			buildActionMask = 2147483647;
			files = (
			);
			runOnlyForDeploymentPostprocessing = 0;
		};
/* End PBXFrameworksBuildPhase section */

/* Begin PBXGroup section */
		90805A2D1A41A4C800DAA716 = {
			isa = PBXGroup;
			children = (
				90805A381A41A4C800DAA716 /* SegmentedControlBsp */,
				90805A4E1A41A4C800DAA716 /* SegmentedControlBspTests */,
				90805A371A41A4C800DAA716 /* Products */,
			);
			sourceTree = "<group>";
		};
		90805A371A41A4C800DAA716 /* Products */ = {
			isa = PBXGroup;
			children = (
				90805A361A41A4C800DAA716 /* SegmentedControlBsp.app */,
				90805A4B1A41A4C800DAA716 /* SegmentedControlBspTests.xctest */,
			);
			name = Products;
			sourceTree = "<group>";
		};
		90805A381A41A4C800DAA716 /* SegmentedControlBsp */ = {
			isa = PBXGroup;
			children = (
				90805A3B1A41A4C800DAA716 /* AppDelegate.swift */,
				90805A3D1A41A4C800DAA716 /* ViewController.swift */,
				90805A3F1A41A4C800DAA716 /* Main.storyboard */,
				90805A421A41A4C800DAA716 /* Images.xcassets */,
				90805A441A41A4C800DAA716 /* LaunchScreen.xib */,
				90805A391A41A4C800DAA716 /* Supporting Files */,
			);
			path = SegmentedControlBsp;
			sourceTree = "<group>";
		};
		90805A391A41A4C800DAA716 /* Supporting Files */ = {
			isa = PBXGroup;
			children = (
				90805A3A1A41A4C800DAA716 /* Info.plist */,
			);
			name = "Supporting Files";
			sourceTree = "<group>";
		};
		90805A4E1A41A4C800DAA716 /* SegmentedControlBspTests */ = {
			isa = PBXGroup;
			children = (
				90805A511A41A4C800DAA716 /* SegmentedControlBspTests.swift */,
				90805A4F1A41A4C800DAA716 /* Supporting Files */,
			);
			path = SegmentedControlBspTests;
			sourceTree = "<group>";
		};
		90805A4F1A41A4C800DAA716 /* Supporting Files */ = {
			isa = PBXGroup;
			children = (
				90805A501A41A4C800DAA716 /* Info.plist */,
			);
			name = "Supporting Files";
			sourceTree = "<group>";
		};
/* End PBXGroup section */

/* Begin PBXNativeTarget section */
		90805A351A41A4C800DAA716 /* SegmentedControlBsp */ = {
			isa = PBXNativeTarget;
			buildConfigurationList = 90805A551A41A4C800DAA716 /* Build configuration list for PBXNativeTarget "SegmentedControlBsp" */;
			buildPhases = (
				90805A321A41A4C800DAA716 /* Sources */,
				90805A331A41A4C800DAA716 /* Frameworks */,
				90805A341A41A4C800DAA716 /* Resources */,
			);
			buildRules = (
			);
			dependencies = (
			);
			name = SegmentedControlBsp;
			productName = SegmentedControlBsp;
			productReference = 90805A361A41A4C800DAA716 /* SegmentedControlBsp.app */;
			productType = "com.apple.product-type.application";
		};
		90805A4A1A41A4C800DAA716 /* SegmentedControlBspTests */ = {
			isa = PBXNativeTarget;
			buildConfigurationList = 90805A581A41A4C800DAA716 /* Build configuration list for PBXNativeTarget "SegmentedControlBspTests" */;
			buildPhases = (
				90805A471A41A4C800DAA716 /* Sources */,
				90805A481A41A4C800DAA716 /* Frameworks */,
				90805A491A41A4C800DAA716 /* Resources */,
			);
			buildRules = (
			);
			dependencies = (
				90805A4D1A41A4C800DAA716 /* PBXTargetDependency */,
			);
			name = SegmentedControlBspTests;
			productName = SegmentedControlBspTests;
			productReference = 90805A4B1A41A4C800DAA716 /* SegmentedControlBspTests.xctest */;
			productType = "com.apple.product-type.bundle.unit-test";
		};
/* End PBXNativeTarget section */

/* Begin PBXProject section */
		90805A2E1A41A4C800DAA716 /* Project object */ = {
			isa = PBXProject;
			attributes = {
				LastSwiftUpdateCheck = 0700;
				LastUpgradeCheck = 0800;
				ORGANIZATIONNAME = "Christian Bleske";
				TargetAttributes = {
					90805A351A41A4C800DAA716 = {
						CreatedOnToolsVersion = 6.1.1;
						LastSwiftMigration = 0800;
					};
					90805A4A1A41A4C800DAA716 = {
						CreatedOnToolsVersion = 6.1.1;
						LastSwiftMigration = 0800;
						TestTargetID = 90805A351A41A4C800DAA716;
					};
				};
			};
			buildConfigurationList = 90805A311A41A4C800DAA716 /* Build configuration list for PBXProject "SegmentedControlBsp" */;
			compatibilityVersion = "Xcode 3.2";
			developmentRegion = English;
			hasScannedForEncodings = 0;
			knownRegions = (
				en,
				Base,
			);
			mainGroup = 90805A2D1A41A4C800DAA716;
			productRefGroup = 90805A371A41A4C800DAA716 /* Products */;
			projectDirPath = "";
			projectRoot = "";
			targets = (
				90805A351A41A4C800DAA716 /* SegmentedControlBsp */,
				90805A4A1A41A4C800DAA716 /* SegmentedControlBspTests */,
			);
		};
/* End PBXProject section */

/* Begin PBXResourcesBuildPhase section */
		90805A341A41A4C800DAA716 /* Resources */ = {
			isa = PBXResourcesBuildPhase;
			buildActionMask = 2147483647;
			files = (
				90805A411A41A4C800DAA716 /* Main.storyboard in Resources */,
				90805A461A41A4C800DAA716 /* LaunchScreen.xib in Resources */,
				90805A431A41A4C800DAA716 /* Images.xcassets in Resources */,
			);
			runOnlyForDeploymentPostprocessing = 0;
		};
		90805A491A41A4C800DAA716 /* Resources */ = {
			isa = PBXResourcesBuildPhase;
			buildActionMask = 2147483647;
			files = (
			);
			runOnlyForDeploymentPostprocessing = 0;
		};
/* End PBXResourcesBuildPhase section */

/* Begin PBXSourcesBuildPhase section */
		90805A321A41A4C800DAA716 /* Sources */ = {
			isa = PBXSourcesBuildPhase;
			buildActionMask = 2147483647;
			files = (
				90805A3E1A41A4C800DAA716 /* ViewController.swift in Sources */,
				90805A3C1A41A4C800DAA716 /* AppDelegate.swift in Sources */,
			);
			runOnlyForDeploymentPostprocessing = 0;
		};
		90805A471A41A4C800DAA716 /* Sources */ = {
			isa = PBXSourcesBuildPhase;
			buildActionMask = 2147483647;
			files = (
				90805A521A41A4C800DAA716 /* SegmentedControlBspTests.swift in Sources */,
			);
			runOnlyForDeploymentPostprocessing = 0;
		};
/* End PBXSourcesBuildPhase section */

/* Begin PBXTargetDependency section */
		90805A4D1A41A4C800DAA716 /* PBXTargetDependency */ = {
			isa = PBXTargetDependency;
			target = 90805A351A41A4C800DAA716 /* SegmentedControlBsp */;
			targetProxy = 90805A4C1A41A4C800DAA716 /* PBXContainerItemProxy */;
		};
/* End PBXTargetDependency section */

/* Begin PBXVariantGroup section */
		90805A3F1A41A4C800DAA716 /* Main.storyboard */ = {
			isa = PBXVariantGroup;
			children = (
				90805A401A41A4C800DAA716 /* Base */,
			);
			name = Main.storyboard;
			sourceTree = "<group>";
		};
		90805A441A41A4C800DAA716 /* LaunchScreen.xib */ = {
			isa = PBXVariantGroup;
			children = (
				90805A451A41A4C800DAA716 /* Base */,
			);
			name = LaunchScreen.xib;
			sourceTree = "<group>";
		};
/* End PBXVariantGroup section */

/* Begin XCBuildConfiguration section */
		90805A531A41A4C800DAA716 /* Debug */ = {
			isa = XCBuildConfiguration;
			buildSettings = {
				ALWAYS_SEARCH_USER_PATHS = NO;
				CLANG_CXX_LANGUAGE_STANDARD = "gnu++0x";
				CLANG_CXX_LIBRARY = "libc++";
				CLANG_ENABLE_MODULES = YES;
				CLANG_ENABLE_OBJC_ARC = YES;
				CLANG_WARN_BOOL_CONVERSION = YES;
				CLANG_WARN_CONSTANT_CONVERSION = YES;
				CLANG_WARN_DIRECT_OBJC_ISA_USAGE = YES_ERROR;
				CLANG_WARN_EMPTY_BODY = YES;
				CLANG_WARN_ENUM_CONVERSION = YES;
				CLANG_WARN_INT_CONVERSION = YES;
				CLANG_WARN_OBJC_ROOT_CLASS = YES_ERROR;
				CLANG_WARN_UNREACHABLE_CODE = YES;
				CLANG_WARN__DUPLICATE_METHOD_MATCH = YES;
				"CODE_SIGN_IDENTITY[sdk=iphoneos*]" = "iPhone Developer";
				COPY_PHASE_STRIP = NO;
				ENABLE_STRICT_OBJC_MSGSEND = YES;
				ENABLE_TESTABILITY = YES;
				GCC_C_LANGUAGE_STANDARD = gnu99;
				GCC_DYNAMIC_NO_PIC = NO;
				GCC_NO_COMMON_BLOCKS = YES;
				GCC_OPTIMIZATION_LEVEL = 0;
				GCC_PREPROCESSOR_DEFINITIONS = (
					"DEBUG=1",
					"$(inherited)",
				);
				GCC_SYMBOLS_PRIVATE_EXTERN = NO;
				GCC_WARN_64_TO_32_BIT_CONVERSION = YES;
				GCC_WARN_ABOUT_RETURN_TYPE = YES_ERROR;
				GCC_WARN_UNDECLARED_SELECTOR = YES;
				GCC_WARN_UNINITIALIZED_AUTOS = YES_AGGRESSIVE;
				GCC_WARN_UNUSED_FUNCTION = YES;
				GCC_WARN_UNUSED_VARIABLE = YES;
				IPHONEOS_DEPLOYMENT_TARGET = 8.1;
				MTL_ENABLE_DEBUG_INFO = YES;
				ONLY_ACTIVE_ARCH = YES;
				SDKROOT = iphoneos;
				SWIFT_OPTIMIZATION_LEVEL = "-Onone";
			};
			name = Debug;
		};
		90805A541A41A4C800DAA716 /* Release */ = {
			isa = XCBuildConfiguration;
			buildSettings = {
				ALWAYS_SEARCH_USER_PATHS = NO;
				CLANG_CXX_LANGUAGE_STANDARD = "gnu++0x";
				CLANG_CXX_LIBRARY = "libc++";
				CLANG_ENABLE_MODULES = YES;
				CLANG_ENABLE_OBJC_ARC = YES;
				CLANG_WARN_BOOL_CONVERSION = YES;
				CLANG_WARN_CONSTANT_CONVERSION = YES;
				CLANG_WARN_DIRECT_OBJC_ISA_USAGE = YES_ERROR;
				CLANG_WARN_EMPTY_BODY = YES;
				CLANG_WARN_ENUM_CONVERSION = YES;
				CLANG_WARN_INT_CONVERSION = YES;
				CLANG_WARN_OBJC_ROOT_CLASS = YES_ERROR;
				CLANG_WARN_UNREACHABLE_CODE = YES;
				CLANG_WARN__DUPLICATE_METHOD_MATCH = YES;
				"CODE_SIGN_IDENTITY[sdk=iphoneos*]" = "iPhone Developer";
				COPY_PHASE_STRIP = YES;
				ENABLE_NS_ASSERTIONS = NO;
				ENABLE_STRICT_OBJC_MSGSEND = YES;
				GCC_C_LANGUAGE_STANDARD = gnu99;
				GCC_NO_COMMON_BLOCKS = YES;
				GCC_WARN_64_TO_32_BIT_CONVERSION = YES;
				GCC_WARN_ABOUT_RETURN_TYPE = YES_ERROR;
				GCC_WARN_UNDECLARED_SELECTOR = YES;
				GCC_WARN_UNINITIALIZED_AUTOS = YES_AGGRESSIVE;
				GCC_WARN_UNUSED_FUNCTION = YES;
				GCC_WARN_UNUSED_VARIABLE = YES;
				IPHONEOS_DEPLOYMENT_TARGET = 8.1;
				MTL_ENABLE_DEBUG_INFO = NO;
				SDKROOT = iphoneos;
				VALIDATE_PRODUCT = YES;
			};
			name = Release;
		};
		90805A561A41A4C800DAA716 /* Debug */ = {
			isa = XCBuildConfiguration;
			buildSettings = {
				ASSETCATALOG_COMPILER_APPICON_NAME = AppIcon;
				INFOPLIST_FILE = SegmentedControlBsp/Info.plist;
				LD_RUNPATH_SEARCH_PATHS = "$(inherited) @executable_path/Frameworks";
				PRODUCT_BUNDLE_IDENTIFIER = "com.christianbleske.$(PRODUCT_NAME:rfc1034identifier)";
				PRODUCT_NAME = "$(TARGET_NAME)";
				SWIFT_VERSION = 3.0;
			};
			name = Debug;
		};
		90805A571A41A4C800DAA716 /* Release */ = {
			isa = XCBuildConfiguration;
			buildSettings = {
				ASSETCATALOG_COMPILER_APPICON_NAME = AppIcon;
				INFOPLIST_FILE = SegmentedControlBsp/Info.plist;
				LD_RUNPATH_SEARCH_PATHS = "$(inherited) @executable_path/Frameworks";
				PRODUCT_BUNDLE_IDENTIFIER = "com.christianbleske.$(PRODUCT_NAME:rfc1034identifier)";
				PRODUCT_NAME = "$(TARGET_NAME)";
				SWIFT_OPTIMIZATION_LEVEL = "-Owholemodule";
				SWIFT_VERSION = 3.0;
			};
			name = Release;
		};
		90805A591A41A4C800DAA716 /* Debug */ = {
			isa = XCBuildConfiguration;
			buildSettings = {
				BUNDLE_LOADER = "$(TEST_HOST)";
				GCC_PREPROCESSOR_DEFINITIONS = (
					"DEBUG=1",
					"$(inherited)",
				);
				INFOPLIST_FILE = SegmentedControlBspTests/Info.plist;
				LD_RUNPATH_SEARCH_PATHS = "$(inherited) @executable_path/Frameworks @loader_path/Frameworks";
				PRODUCT_BUNDLE_IDENTIFIER = "com.christianbleske.$(PRODUCT_NAME:rfc1034identifier)";
				PRODUCT_NAME = "$(TARGET_NAME)";
				SWIFT_VERSION = 3.0;
				TEST_HOST = "$(BUILT_PRODUCTS_DIR)/SegmentedControlBsp.app/SegmentedControlBsp";
			};
			name = Debug;
		};
		90805A5A1A41A4C800DAA716 /* Release */ = {
			isa = XCBuildConfiguration;
			buildSettings = {
				BUNDLE_LOADER = "$(TEST_HOST)";
				INFOPLIST_FILE = SegmentedControlBspTests/Info.plist;
				LD_RUNPATH_SEARCH_PATHS = "$(inherited) @executable_path/Frameworks @loader_path/Frameworks";
				PRODUCT_BUNDLE_IDENTIFIER = "com.christianbleske.$(PRODUCT_NAME:rfc1034identifier)";
				PRODUCT_NAME = "$(TARGET_NAME)";
				SWIFT_OPTIMIZATION_LEVEL = "-Owholemodule";
				SWIFT_VERSION = 3.0;
				TEST_HOST = "$(BUILT_PRODUCTS_DIR)/SegmentedControlBsp.app/SegmentedControlBsp";
			};
			name = Release;
		};
/* End XCBuildConfiguration section */

/* Begin XCConfigurationList section */
		90805A311A41A4C800DAA716 /* Build configuration list for PBXProject "SegmentedControlBsp" */ = {
			isa = XCConfigurationList;
			buildConfigurations = (
				90805A531A41A4C800DAA716 /* Debug */,
				90805A541A41A4C800DAA716 /* Release */,
			);
			defaultConfigurationIsVisible = 0;
			defaultConfigurationName = Release;
		};
		90805A551A41A4C800DAA716 /* Build configuration list for PBXNativeTarget "SegmentedControlBsp" */ = {
			isa = XCConfigurationList;
			buildConfigurations = (
				90805A561A41A4C800DAA716 /* Debug */,
				90805A571A41A4C800DAA716 /* Release */,
			);
			defaultConfigurationIsVisible = 0;
			defaultConfigurationName = Release;
		};
		90805A581A41A4C800DAA716 /* Build configuration list for PBXNativeTarget "SegmentedControlBspTests" */ = {
			isa = XCConfigurationList;
			buildConfigurations = (
				90805A591A41A4C800DAA716 /* Debug */,
				90805A5A1A41A4C800DAA716 /* Release */,
			);
			defaultConfigurationIsVisible = 0;
			defaultConfigurationName = Release;
		};
/* End XCConfigurationList section */
	};
	rootObject = 90805A2E1A41A4C800DAA716 /* Project object */;
}
