// !$*UTF8*$!
{
	archiveVersion = 1;
	classes = {
	};
	objectVersion = 46;
	objects = {

/* Begin PBXBuildFile section */
		9026BCDD1A416640004CF44B /* AppDelegate.swift in Sources */ = {isa = PBXBuildFile; fileRef = 9026BCDC1A416640004CF44B /* AppDelegate.swift */; };
		9026BCDF1A416640004CF44B /* ViewController.swift in Sources */ = {isa = PBXBuildFile; fileRef = 9026BCDE1A416640004CF44B /* ViewController.swift */; };
		9026BCE21A416640004CF44B /* Main.storyboard in Resources */ = {isa = PBXBuildFile; fileRef = 9026BCE01A416640004CF44B /* Main.storyboard */; };
		9026BCE41A416640004CF44B /* Images.xcassets in Resources */ = {isa = PBXBuildFile; fileRef = 9026BCE31A416640004CF44B /* Images.xcassets */; };
		9026BCE71A416640004CF44B /* LaunchScreen.xib in Resources */ = {isa = PBXBuildFile; fileRef = 9026BCE51A416640004CF44B /* LaunchScreen.xib */; };
		9026BCF31A416640004CF44B /* SwitchBspTests.swift in Sources */ = {isa = PBXBuildFile; fileRef = 9026BCF21A416640004CF44B /* SwitchBspTests.swift */; };
/* End PBXBuildFile section */

/* Begin PBXContainerItemProxy section */
		9026BCED1A416640004CF44B /* PBXContainerItemProxy */ = {
			isa = PBXContainerItemProxy;
			containerPortal = 9026BCCF1A416640004CF44B /* Project object */;
			proxyType = 1;
			remoteGlobalIDString = 9026BCD61A416640004CF44B;
			remoteInfo = SwitchBsp;
		};
/* End PBXContainerItemProxy section */

/* Begin PBXFileReference section */
		9026BCD71A416640004CF44B /* SwitchBsp.app */ = {isa = PBXFileReference; explicitFileType = wrapper.application; includeInIndex = 0; path = SwitchBsp.app; sourceTree = BUILT_PRODUCTS_DIR; };
		9026BCDB1A416640004CF44B /* Info.plist */ = {isa = PBXFileReference; lastKnownFileType = text.plist.xml; path = Info.plist; sourceTree = "<group>"; };
		9026BCDC1A416640004CF44B /* AppDelegate.swift */ = {isa = PBXFileReference; lastKnownFileType = sourcecode.swift; path = AppDelegate.swift; sourceTree = "<group>"; };
		9026BCDE1A416640004CF44B /* ViewController.swift */ = {isa = PBXFileReference; lastKnownFileType = sourcecode.swift; path = ViewController.swift; sourceTree = "<group>"; };
		9026BCE11A416640004CF44B /* Base */ = {isa = PBXFileReference; lastKnownFileType = file.storyboard; name = Base; path = Base.lproj/Main.storyboard; sourceTree = "<group>"; };
		9026BCE31A416640004CF44B /* Images.xcassets */ = {isa = PBXFileReference; lastKnownFileType = folder.assetcatalog; path = Images.xcassets; sourceTree = "<group>"; };
		9026BCE61A416640004CF44B /* Base */ = {isa = PBXFileReference; lastKnownFileType = file.xib; name = Base; path = Base.lproj/LaunchScreen.xib; sourceTree = "<group>"; };
		9026BCEC1A416640004CF44B /* SwitchBspTests.xctest */ = {isa = PBXFileReference; explicitFileType = wrapper.cfbundle; includeInIndex = 0; path = SwitchBspTests.xctest; sourceTree = BUILT_PRODUCTS_DIR; };
		9026BCF11A416640004CF44B /* Info.plist */ = {isa = PBXFileReference; lastKnownFileType = text.plist.xml; path = Info.plist; sourceTree = "<group>"; };
		9026BCF21A416640004CF44B /* SwitchBspTests.swift */ = {isa = PBXFileReference; lastKnownFileType = sourcecode.swift; path = SwitchBspTests.swift; sourceTree = "<group>"; };
/* End PBXFileReference section */

/* Begin PBXFrameworksBuildPhase section */
		9026BCD41A416640004CF44B /* Frameworks */ = {
			isa = PBXFrameworksBuildPhase;
			buildActionMask = 2147483647;
			files = (
			);
			runOnlyForDeploymentPostprocessing = 0;
		};
		9026BCE91A416640004CF44B /* Frameworks */ = {
			isa = PBXFrameworksBuildPhase;
			buildActionMask = 2147483647;
			files = (
			);
			runOnlyForDeploymentPostprocessing = 0;
		};
/* End PBXFrameworksBuildPhase section */

/* Begin PBXGroup section */
		9026BCCE1A416640004CF44B = {
			isa = PBXGroup;
			children = (
				9026BCD91A416640004CF44B /* SwitchBsp */,
				9026BCEF1A416640004CF44B /* SwitchBspTests */,
				9026BCD81A416640004CF44B /* Products */,
			);
			sourceTree = "<group>";
		};
		9026BCD81A416640004CF44B /* Products */ = {
			isa = PBXGroup;
			children = (
				9026BCD71A416640004CF44B /* SwitchBsp.app */,
				9026BCEC1A416640004CF44B /* SwitchBspTests.xctest */,
			);
			name = Products;
			sourceTree = "<group>";
		};
		9026BCD91A416640004CF44B /* SwitchBsp */ = {
			isa = PBXGroup;
			children = (
				9026BCDC1A416640004CF44B /* AppDelegate.swift */,
				9026BCDE1A416640004CF44B /* ViewController.swift */,
				9026BCE01A416640004CF44B /* Main.storyboard */,
				9026BCE31A416640004CF44B /* Images.xcassets */,
				9026BCE51A416640004CF44B /* LaunchScreen.xib */,
				9026BCDA1A416640004CF44B /* Supporting Files */,
			);
			path = SwitchBsp;
			sourceTree = "<group>";
		};
		9026BCDA1A416640004CF44B /* Supporting Files */ = {
			isa = PBXGroup;
			children = (
				9026BCDB1A416640004CF44B /* Info.plist */,
			);
			name = "Supporting Files";
			sourceTree = "<group>";
		};
		9026BCEF1A416640004CF44B /* SwitchBspTests */ = {
			isa = PBXGroup;
			children = (
				9026BCF21A416640004CF44B /* SwitchBspTests.swift */,
				9026BCF01A416640004CF44B /* Supporting Files */,
			);
			path = SwitchBspTests;
			sourceTree = "<group>";
		};
		9026BCF01A416640004CF44B /* Supporting Files */ = {
			isa = PBXGroup;
			children = (
				9026BCF11A416640004CF44B /* Info.plist */,
			);
			name = "Supporting Files";
			sourceTree = "<group>";
		};
/* End PBXGroup section */

/* Begin PBXNativeTarget section */
		9026BCD61A416640004CF44B /* SwitchBsp */ = {
			isa = PBXNativeTarget;
			buildConfigurationList = 9026BCF61A416640004CF44B /* Build configuration list for PBXNativeTarget "SwitchBsp" */;
			buildPhases = (
				9026BCD31A416640004CF44B /* Sources */,
				9026BCD41A416640004CF44B /* Frameworks */,
				9026BCD51A416640004CF44B /* Resources */,
			);
			buildRules = (
			);
			dependencies = (
			);
			name = SwitchBsp;
			productName = SwitchBsp;
			productReference = 9026BCD71A416640004CF44B /* SwitchBsp.app */;
			productType = "com.apple.product-type.application";
		};
		9026BCEB1A416640004CF44B /* SwitchBspTests */ = {
			isa = PBXNativeTarget;
			buildConfigurationList = 9026BCF91A416640004CF44B /* Build configuration list for PBXNativeTarget "SwitchBspTests" */;
			buildPhases = (
				9026BCE81A416640004CF44B /* Sources */,
				9026BCE91A416640004CF44B /* Frameworks */,
				9026BCEA1A416640004CF44B /* Resources */,
			);
			buildRules = (
			);
			dependencies = (
				9026BCEE1A416640004CF44B /* PBXTargetDependency */,
			);
			name = SwitchBspTests;
			productName = SwitchBspTests;
			productReference = 9026BCEC1A416640004CF44B /* SwitchBspTests.xctest */;
			productType = "com.apple.product-type.bundle.unit-test";
		};
/* End PBXNativeTarget section */

/* Begin PBXProject section */
		9026BCCF1A416640004CF44B /* Project object */ = {
			isa = PBXProject;
			attributes = {
				LastSwiftUpdateCheck = 0700;
				LastUpgradeCheck = 0800;
				ORGANIZATIONNAME = "Christian Bleske";
				TargetAttributes = {
					9026BCD61A416640004CF44B = {
						CreatedOnToolsVersion = 6.1.1;
						LastSwiftMigration = 0800;
					};
					9026BCEB1A416640004CF44B = {
						CreatedOnToolsVersion = 6.1.1;
						LastSwiftMigration = 0800;
						TestTargetID = 9026BCD61A416640004CF44B;
					};
				};
			};
			buildConfigurationList = 9026BCD21A416640004CF44B /* Build configuration list for PBXProject "SwitchBsp" */;
			compatibilityVersion = "Xcode 3.2";
			developmentRegion = English;
			hasScannedForEncodings = 0;
			knownRegions = (
				en,
				Base,
			);
			mainGroup = 9026BCCE1A416640004CF44B;
			productRefGroup = 9026BCD81A416640004CF44B /* Products */;
			projectDirPath = "";
			projectRoot = "";
			targets = (
				9026BCD61A416640004CF44B /* SwitchBsp */,
				9026BCEB1A416640004CF44B /* SwitchBspTests */,
			);
		};
/* End PBXProject section */

/* Begin PBXResourcesBuildPhase section */
		9026BCD51A416640004CF44B /* Resources */ = {
			isa = PBXResourcesBuildPhase;
			buildActionMask = 2147483647;
			files = (
				9026BCE21A416640004CF44B /* Main.storyboard in Resources */,
				9026BCE71A416640004CF44B /* LaunchScreen.xib in Resources */,
				9026BCE41A416640004CF44B /* Images.xcassets in Resources */,
			);
			runOnlyForDeploymentPostprocessing = 0;
		};
		9026BCEA1A416640004CF44B /* Resources */ = {
			isa = PBXResourcesBuildPhase;
			buildActionMask = 2147483647;
			files = (
			);
			runOnlyForDeploymentPostprocessing = 0;
		};
/* End PBXResourcesBuildPhase section */

/* Begin PBXSourcesBuildPhase section */
		9026BCD31A416640004CF44B /* Sources */ = {
			isa = PBXSourcesBuildPhase;
			buildActionMask = 2147483647;
			files = (
				9026BCDF1A416640004CF44B /* ViewController.swift in Sources */,
				9026BCDD1A416640004CF44B /* AppDelegate.swift in Sources */,
			);
			runOnlyForDeploymentPostprocessing = 0;
		};
		9026BCE81A416640004CF44B /* Sources */ = {
			isa = PBXSourcesBuildPhase;
			buildActionMask = 2147483647;
			files = (
				9026BCF31A416640004CF44B /* SwitchBspTests.swift in Sources */,
			);
			runOnlyForDeploymentPostprocessing = 0;
		};
/* End PBXSourcesBuildPhase section */

/* Begin PBXTargetDependency section */
		9026BCEE1A416640004CF44B /* PBXTargetDependency */ = {
			isa = PBXTargetDependency;
			target = 9026BCD61A416640004CF44B /* SwitchBsp */;
			targetProxy = 9026BCED1A416640004CF44B /* PBXContainerItemProxy */;
		};
/* End PBXTargetDependency section */

/* Begin PBXVariantGroup section */
		9026BCE01A416640004CF44B /* Main.storyboard */ = {
			isa = PBXVariantGroup;
			children = (
				9026BCE11A416640004CF44B /* Base */,
			);
			name = Main.storyboard;
			sourceTree = "<group>";
		};
		9026BCE51A416640004CF44B /* LaunchScreen.xib */ = {
			isa = PBXVariantGroup;
			children = (
				9026BCE61A416640004CF44B /* Base */,
			);
			name = LaunchScreen.xib;
			sourceTree = "<group>";
		};
/* End PBXVariantGroup section */

/* Begin XCBuildConfiguration section */
		9026BCF41A416640004CF44B /* Debug */ = {
			isa = XCBuildConfiguration;
			buildSettings = {
				ALWAYS_SEARCH_USER_PATHS = NO;
				CLANG_CXX_LANGUAGE_STANDARD = "gnu++0x";
				CLANG_CXX_LIBRARY = "libc++";
				CLANG_ENABLE_MODULES = YES;
				CLANG_ENABLE_OBJC_ARC = YES;
				CLANG_WARN_BOOL_CONVERSION = YES;
				CLANG_WARN_CONSTANT_CONVERSION = YES;
				CLANG_WARN_DIRECT_OBJC_ISA_USAGE = YES_ERROR;
				CLANG_WARN_EMPTY_BODY = YES;
				CLANG_WARN_ENUM_CONVERSION = YES;
				CLANG_WARN_INT_CONVERSION = YES;
				CLANG_WARN_OBJC_ROOT_CLASS = YES_ERROR;
				CLANG_WARN_UNREACHABLE_CODE = YES;
				CLANG_WARN__DUPLICATE_METHOD_MATCH = YES;
				"CODE_SIGN_IDENTITY[sdk=iphoneos*]" = "iPhone Developer";
				COPY_PHASE_STRIP = NO;
				ENABLE_STRICT_OBJC_MSGSEND = YES;
				ENABLE_TESTABILITY = YES;
				GCC_C_LANGUAGE_STANDARD = gnu99;
				GCC_DYNAMIC_NO_PIC = NO;
				GCC_NO_COMMON_BLOCKS = YES;
				GCC_OPTIMIZATION_LEVEL = 0;
				GCC_PREPROCESSOR_DEFINITIONS = (
					"DEBUG=1",
					"$(inherited)",
				);
				GCC_SYMBOLS_PRIVATE_EXTERN = NO;
				GCC_WARN_64_TO_32_BIT_CONVERSION = YES;
				GCC_WARN_ABOUT_RETURN_TYPE = YES_ERROR;
				GCC_WARN_UNDECLARED_SELECTOR = YES;
				GCC_WARN_UNINITIALIZED_AUTOS = YES_AGGRESSIVE;
				GCC_WARN_UNUSED_FUNCTION = YES;
				GCC_WARN_UNUSED_VARIABLE = YES;
				IPHONEOS_DEPLOYMENT_TARGET = 8.1;
				MTL_ENABLE_DEBUG_INFO = YES;
				ONLY_ACTIVE_ARCH = YES;
				SDKROOT = iphoneos;
				SWIFT_OPTIMIZATION_LEVEL = "-Onone";
			};
			name = Debug;
		};
		9026BCF51A416640004CF44B /* Release */ = {
			isa = XCBuildConfiguration;
			buildSettings = {
				ALWAYS_SEARCH_USER_PATHS = NO;
				CLANG_CXX_LANGUAGE_STANDARD = "gnu++0x";
				CLANG_CXX_LIBRARY = "libc++";
				CLANG_ENABLE_MODULES = YES;
				CLANG_ENABLE_OBJC_ARC = YES;
				CLANG_WARN_BOOL_CONVERSION = YES;
				CLANG_WARN_CONSTANT_CONVERSION = YES;
				CLANG_WARN_DIRECT_OBJC_ISA_USAGE = YES_ERROR;
				CLANG_WARN_EMPTY_BODY = YES;
				CLANG_WARN_ENUM_CONVERSION = YES;
				CLANG_WARN_INT_CONVERSION = YES;
				CLANG_WARN_OBJC_ROOT_CLASS = YES_ERROR;
				CLANG_WARN_UNREACHABLE_CODE = YES;
				CLANG_WARN__DUPLICATE_METHOD_MATCH = YES;
				"CODE_SIGN_IDENTITY[sdk=iphoneos*]" = "iPhone Developer";
				COPY_PHASE_STRIP = YES;
				ENABLE_NS_ASSERTIONS = NO;
				ENABLE_STRICT_OBJC_MSGSEND = YES;
				GCC_C_LANGUAGE_STANDARD = gnu99;
				GCC_NO_COMMON_BLOCKS = YES;
				GCC_WARN_64_TO_32_BIT_CONVERSION = YES;
				GCC_WARN_ABOUT_RETURN_TYPE = YES_ERROR;
				GCC_WARN_UNDECLARED_SELECTOR = YES;
				GCC_WARN_UNINITIALIZED_AUTOS = YES_AGGRESSIVE;
				GCC_WARN_UNUSED_FUNCTION = YES;
				GCC_WARN_UNUSED_VARIABLE = YES;
				IPHONEOS_DEPLOYMENT_TARGET = 8.1;
				MTL_ENABLE_DEBUG_INFO = NO;
				SDKROOT = iphoneos;
				VALIDATE_PRODUCT = YES;
			};
			name = Release;
		};
		9026BCF71A416640004CF44B /* Debug */ = {
			isa = XCBuildConfiguration;
			buildSettings = {
				ASSETCATALOG_COMPILER_APPICON_NAME = AppIcon;
				INFOPLIST_FILE = SwitchBsp/Info.plist;
				LD_RUNPATH_SEARCH_PATHS = "$(inherited) @executable_path/Frameworks";
				PRODUCT_BUNDLE_IDENTIFIER = "com.christianbleske.$(PRODUCT_NAME:rfc1034identifier)";
				PRODUCT_NAME = "$(TARGET_NAME)";
				SWIFT_VERSION = 3.0;
			};
			name = Debug;
		};
		9026BCF81A416640004CF44B /* Release */ = {
			isa = XCBuildConfiguration;
			buildSettings = {
				ASSETCATALOG_COMPILER_APPICON_NAME = AppIcon;
				INFOPLIST_FILE = SwitchBsp/Info.plist;
				LD_RUNPATH_SEARCH_PATHS = "$(inherited) @executable_path/Frameworks";
				PRODUCT_BUNDLE_IDENTIFIER = "com.christianbleske.$(PRODUCT_NAME:rfc1034identifier)";
				PRODUCT_NAME = "$(TARGET_NAME)";
				SWIFT_OPTIMIZATION_LEVEL = "-Owholemodule";
				SWIFT_VERSION = 3.0;
			};
			name = Release;
		};
		9026BCFA1A416640004CF44B /* Debug */ = {
			isa = XCBuildConfiguration;
			buildSettings = {
				BUNDLE_LOADER = "$(TEST_HOST)";
				GCC_PREPROCESSOR_DEFINITIONS = (
					"DEBUG=1",
					"$(inherited)",
				);
				INFOPLIST_FILE = SwitchBspTests/Info.plist;
				LD_RUNPATH_SEARCH_PATHS = "$(inherited) @executable_path/Frameworks @loader_path/Frameworks";
				PRODUCT_BUNDLE_IDENTIFIER = "com.christianbleske.$(PRODUCT_NAME:rfc1034identifier)";
				PRODUCT_NAME = "$(TARGET_NAME)";
				SWIFT_VERSION = 3.0;
				TEST_HOST = "$(BUILT_PRODUCTS_DIR)/SwitchBsp.app/SwitchBsp";
			};
			name = Debug;
		};
		9026BCFB1A416640004CF44B /* Release */ = {
			isa = XCBuildConfiguration;
			buildSettings = {
				BUNDLE_LOADER = "$(TEST_HOST)";
				INFOPLIST_FILE = SwitchBspTests/Info.plist;
				LD_RUNPATH_SEARCH_PATHS = "$(inherited) @executable_path/Frameworks @loader_path/Frameworks";
				PRODUCT_BUNDLE_IDENTIFIER = "com.christianbleske.$(PRODUCT_NAME:rfc1034identifier)";
				PRODUCT_NAME = "$(TARGET_NAME)";
				SWIFT_OPTIMIZATION_LEVEL = "-Owholemodule";
				SWIFT_VERSION = 3.0;
				TEST_HOST = "$(BUILT_PRODUCTS_DIR)/SwitchBsp.app/SwitchBsp";
			};
			name = Release;
		};
/* End XCBuildConfiguration section */

/* Begin XCConfigurationList section */
		9026BCD21A416640004CF44B /* Build configuration list for PBXProject "SwitchBsp" */ = {
			isa = XCConfigurationList;
			buildConfigurations = (
				9026BCF41A416640004CF44B /* Debug */,
				9026BCF51A416640004CF44B /* Release */,
			);
			defaultConfigurationIsVisible = 0;
			defaultConfigurationName = Release;
		};
		9026BCF61A416640004CF44B /* Build configuration list for PBXNativeTarget "SwitchBsp" */ = {
			isa = XCConfigurationList;
			buildConfigurations = (
				9026BCF71A416640004CF44B /* Debug */,
				9026BCF81A416640004CF44B /* Release */,
			);
			defaultConfigurationIsVisible = 0;
			defaultConfigurationName = Release;
		};
		9026BCF91A416640004CF44B /* Build configuration list for PBXNativeTarget "SwitchBspTests" */ = {
			isa = XCConfigurationList;
			buildConfigurations = (
				9026BCFA1A416640004CF44B /* Debug */,
				9026BCFB1A416640004CF44B /* Release */,
			);
			defaultConfigurationIsVisible = 0;
			defaultConfigurationName = Release;
		};
/* End XCConfigurationList section */
	};
	rootObject = 9026BCCF1A416640004CF44B /* Project object */;
}
