// !$*UTF8*$!
{
	archiveVersion = 1;
	classes = {
	};
	objectVersion = 46;
	objects = {

/* Begin PBXBuildFile section */
		90712EE619D481E700B980B0 /* AppDelegate.swift in Sources */ = {isa = PBXBuildFile; fileRef = 90712EE519D481E700B980B0 /* AppDelegate.swift */; };
		90712EE819D481E700B980B0 /* ViewController.swift in Sources */ = {isa = PBXBuildFile; fileRef = 90712EE719D481E700B980B0 /* ViewController.swift */; };
		90712EEB19D481E700B980B0 /* Main.storyboard in Resources */ = {isa = PBXBuildFile; fileRef = 90712EE919D481E700B980B0 /* Main.storyboard */; };
		90712EED19D481E700B980B0 /* Images.xcassets in Resources */ = {isa = PBXBuildFile; fileRef = 90712EEC19D481E700B980B0 /* Images.xcassets */; };
		90712EF019D481E700B980B0 /* LaunchScreen.xib in Resources */ = {isa = PBXBuildFile; fileRef = 90712EEE19D481E700B980B0 /* LaunchScreen.xib */; };
/* End PBXBuildFile section */

/* Begin PBXFileReference section */
		90712EE019D481E700B980B0 /* CodingAutoLayoutBsp.app */ = {isa = PBXFileReference; explicitFileType = wrapper.application; includeInIndex = 0; path = CodingAutoLayoutBsp.app; sourceTree = BUILT_PRODUCTS_DIR; };
		90712EE419D481E700B980B0 /* Info.plist */ = {isa = PBXFileReference; lastKnownFileType = text.plist.xml; path = Info.plist; sourceTree = "<group>"; };
		90712EE519D481E700B980B0 /* AppDelegate.swift */ = {isa = PBXFileReference; lastKnownFileType = sourcecode.swift; path = AppDelegate.swift; sourceTree = "<group>"; };
		90712EE719D481E700B980B0 /* ViewController.swift */ = {isa = PBXFileReference; lastKnownFileType = sourcecode.swift; path = ViewController.swift; sourceTree = "<group>"; };
		90712EEA19D481E700B980B0 /* Base */ = {isa = PBXFileReference; lastKnownFileType = file.storyboard; name = Base; path = Base.lproj/Main.storyboard; sourceTree = "<group>"; };
		90712EEC19D481E700B980B0 /* Images.xcassets */ = {isa = PBXFileReference; lastKnownFileType = folder.assetcatalog; path = Images.xcassets; sourceTree = "<group>"; };
		90712EEF19D481E700B980B0 /* Base */ = {isa = PBXFileReference; lastKnownFileType = file.xib; name = Base; path = Base.lproj/LaunchScreen.xib; sourceTree = "<group>"; };
		90712EFA19D481E700B980B0 /* Info.plist */ = {isa = PBXFileReference; lastKnownFileType = text.plist.xml; path = Info.plist; sourceTree = "<group>"; };
		90712EFB19D481E700B980B0 /* CodingAutoLayoutBspTests.swift */ = {isa = PBXFileReference; lastKnownFileType = sourcecode.swift; path = CodingAutoLayoutBspTests.swift; sourceTree = "<group>"; };
/* End PBXFileReference section */

/* Begin PBXFrameworksBuildPhase section */
		90712EDD19D481E700B980B0 /* Frameworks */ = {
			isa = PBXFrameworksBuildPhase;
			buildActionMask = 2147483647;
			files = (
			);
			runOnlyForDeploymentPostprocessing = 0;
		};
/* End PBXFrameworksBuildPhase section */

/* Begin PBXGroup section */
		90712ED719D481E700B980B0 = {
			isa = PBXGroup;
			children = (
				90712EE219D481E700B980B0 /* CodingAutoLayoutBsp */,
				90712EF819D481E700B980B0 /* CodingAutoLayoutBspTests */,
				90712EE119D481E700B980B0 /* Products */,
			);
			sourceTree = "<group>";
		};
		90712EE119D481E700B980B0 /* Products */ = {
			isa = PBXGroup;
			children = (
				90712EE019D481E700B980B0 /* CodingAutoLayoutBsp.app */,
			);
			name = Products;
			sourceTree = "<group>";
		};
		90712EE219D481E700B980B0 /* CodingAutoLayoutBsp */ = {
			isa = PBXGroup;
			children = (
				90712EE519D481E700B980B0 /* AppDelegate.swift */,
				90712EE719D481E700B980B0 /* ViewController.swift */,
				90712EE919D481E700B980B0 /* Main.storyboard */,
				90712EEC19D481E700B980B0 /* Images.xcassets */,
				90712EEE19D481E700B980B0 /* LaunchScreen.xib */,
				90712EE319D481E700B980B0 /* Supporting Files */,
			);
			path = CodingAutoLayoutBsp;
			sourceTree = "<group>";
		};
		90712EE319D481E700B980B0 /* Supporting Files */ = {
			isa = PBXGroup;
			children = (
				90712EE419D481E700B980B0 /* Info.plist */,
			);
			name = "Supporting Files";
			sourceTree = "<group>";
		};
		90712EF819D481E700B980B0 /* CodingAutoLayoutBspTests */ = {
			isa = PBXGroup;
			children = (
				90712EFB19D481E700B980B0 /* CodingAutoLayoutBspTests.swift */,
				90712EF919D481E700B980B0 /* Supporting Files */,
			);
			path = CodingAutoLayoutBspTests;
			sourceTree = "<group>";
		};
		90712EF919D481E700B980B0 /* Supporting Files */ = {
			isa = PBXGroup;
			children = (
				90712EFA19D481E700B980B0 /* Info.plist */,
			);
			name = "Supporting Files";
			sourceTree = "<group>";
		};
/* End PBXGroup section */

/* Begin PBXNativeTarget section */
		90712EDF19D481E700B980B0 /* CodingAutoLayoutBsp */ = {
			isa = PBXNativeTarget;
			buildConfigurationList = 90712EFF19D481E700B980B0 /* Build configuration list for PBXNativeTarget "CodingAutoLayoutBsp" */;
			buildPhases = (
				90712EDC19D481E700B980B0 /* Sources */,
				90712EDD19D481E700B980B0 /* Frameworks */,
				90712EDE19D481E700B980B0 /* Resources */,
			);
			buildRules = (
			);
			dependencies = (
			);
			name = CodingAutoLayoutBsp;
			productName = CodingAutoLayoutBsp;
			productReference = 90712EE019D481E700B980B0 /* CodingAutoLayoutBsp.app */;
			productType = "com.apple.product-type.application";
		};
/* End PBXNativeTarget section */

/* Begin PBXProject section */
		90712ED819D481E700B980B0 /* Project object */ = {
			isa = PBXProject;
			attributes = {
				LastSwiftUpdateCheck = 0700;
				LastUpgradeCheck = 0800;
				ORGANIZATIONNAME = "Christian Bleske";
				TargetAttributes = {
					90712EDF19D481E700B980B0 = {
						CreatedOnToolsVersion = 6.0.1;
						DevelopmentTeam = B688N957UZ;
						LastSwiftMigration = 0800;
					};
				};
			};
			buildConfigurationList = 90712EDB19D481E700B980B0 /* Build configuration list for PBXProject "CodingAutoLayoutBsp" */;
			compatibilityVersion = "Xcode 3.2";
			developmentRegion = English;
			hasScannedForEncodings = 0;
			knownRegions = (
				en,
				Base,
			);
			mainGroup = 90712ED719D481E700B980B0;
			productRefGroup = 90712EE119D481E700B980B0 /* Products */;
			projectDirPath = "";
			projectRoot = "";
			targets = (
				90712EDF19D481E700B980B0 /* CodingAutoLayoutBsp */,
			);
		};
/* End PBXProject section */

/* Begin PBXResourcesBuildPhase section */
		90712EDE19D481E700B980B0 /* Resources */ = {
			isa = PBXResourcesBuildPhase;
			buildActionMask = 2147483647;
			files = (
				90712EEB19D481E700B980B0 /* Main.storyboard in Resources */,
				90712EF019D481E700B980B0 /* LaunchScreen.xib in Resources */,
				90712EED19D481E700B980B0 /* Images.xcassets in Resources */,
			);
			runOnlyForDeploymentPostprocessing = 0;
		};
/* End PBXResourcesBuildPhase section */

/* Begin PBXSourcesBuildPhase section */
		90712EDC19D481E700B980B0 /* Sources */ = {
			isa = PBXSourcesBuildPhase;
			buildActionMask = 2147483647;
			files = (
				90712EE819D481E700B980B0 /* ViewController.swift in Sources */,
				90712EE619D481E700B980B0 /* AppDelegate.swift in Sources */,
			);
			runOnlyForDeploymentPostprocessing = 0;
		};
/* End PBXSourcesBuildPhase section */

/* Begin PBXVariantGroup section */
		90712EE919D481E700B980B0 /* Main.storyboard */ = {
			isa = PBXVariantGroup;
			children = (
				90712EEA19D481E700B980B0 /* Base */,
			);
			name = Main.storyboard;
			sourceTree = "<group>";
		};
		90712EEE19D481E700B980B0 /* LaunchScreen.xib */ = {
			isa = PBXVariantGroup;
			children = (
				90712EEF19D481E700B980B0 /* Base */,
			);
			name = LaunchScreen.xib;
			sourceTree = "<group>";
		};
/* End PBXVariantGroup section */

/* Begin XCBuildConfiguration section */
		90712EFD19D481E700B980B0 /* Debug */ = {
			isa = XCBuildConfiguration;
			buildSettings = {
				ALWAYS_SEARCH_USER_PATHS = NO;
				CLANG_CXX_LANGUAGE_STANDARD = "gnu++0x";
				CLANG_CXX_LIBRARY = "libc++";
				CLANG_ENABLE_MODULES = YES;
				CLANG_ENABLE_OBJC_ARC = YES;
				CLANG_WARN_BOOL_CONVERSION = YES;
				CLANG_WARN_CONSTANT_CONVERSION = YES;
				CLANG_WARN_DIRECT_OBJC_ISA_USAGE = YES_ERROR;
				CLANG_WARN_EMPTY_BODY = YES;
				CLANG_WARN_ENUM_CONVERSION = YES;
				CLANG_WARN_INT_CONVERSION = YES;
				CLANG_WARN_OBJC_ROOT_CLASS = YES_ERROR;
				CLANG_WARN_UNREACHABLE_CODE = YES;
				CLANG_WARN__DUPLICATE_METHOD_MATCH = YES;
				"CODE_SIGN_IDENTITY[sdk=iphoneos*]" = "iPhone Developer";
				COPY_PHASE_STRIP = NO;
				ENABLE_STRICT_OBJC_MSGSEND = YES;
				ENABLE_TESTABILITY = YES;
				GCC_C_LANGUAGE_STANDARD = gnu99;
				GCC_DYNAMIC_NO_PIC = NO;
				GCC_NO_COMMON_BLOCKS = YES;
				GCC_OPTIMIZATION_LEVEL = 0;
				GCC_PREPROCESSOR_DEFINITIONS = (
					"DEBUG=1",
					"$(inherited)",
				);
				GCC_SYMBOLS_PRIVATE_EXTERN = NO;
				GCC_WARN_64_TO_32_BIT_CONVERSION = YES;
				GCC_WARN_ABOUT_RETURN_TYPE = YES_ERROR;
				GCC_WARN_UNDECLARED_SELECTOR = YES;
				GCC_WARN_UNINITIALIZED_AUTOS = YES_AGGRESSIVE;
				GCC_WARN_UNUSED_FUNCTION = YES;
				GCC_WARN_UNUSED_VARIABLE = YES;
				IPHONEOS_DEPLOYMENT_TARGET = 8.0;
				MTL_ENABLE_DEBUG_INFO = YES;
				ONLY_ACTIVE_ARCH = YES;
				SDKROOT = iphoneos;
				SWIFT_OPTIMIZATION_LEVEL = "-Onone";
			};
			name = Debug;
		};
		90712EFE19D481E700B980B0 /* Release */ = {
			isa = XCBuildConfiguration;
			buildSettings = {
				ALWAYS_SEARCH_USER_PATHS = NO;
				CLANG_CXX_LANGUAGE_STANDARD = "gnu++0x";
				CLANG_CXX_LIBRARY = "libc++";
				CLANG_ENABLE_MODULES = YES;
				CLANG_ENABLE_OBJC_ARC = YES;
				CLANG_WARN_BOOL_CONVERSION = YES;
				CLANG_WARN_CONSTANT_CONVERSION = YES;
				CLANG_WARN_DIRECT_OBJC_ISA_USAGE = YES_ERROR;
				CLANG_WARN_EMPTY_BODY = YES;
				CLANG_WARN_ENUM_CONVERSION = YES;
				CLANG_WARN_INT_CONVERSION = YES;
				CLANG_WARN_OBJC_ROOT_CLASS = YES_ERROR;
				CLANG_WARN_UNREACHABLE_CODE = YES;
				CLANG_WARN__DUPLICATE_METHOD_MATCH = YES;
				"CODE_SIGN_IDENTITY[sdk=iphoneos*]" = "iPhone Developer";
				COPY_PHASE_STRIP = YES;
				ENABLE_NS_ASSERTIONS = NO;
				ENABLE_STRICT_OBJC_MSGSEND = YES;
				GCC_C_LANGUAGE_STANDARD = gnu99;
				GCC_NO_COMMON_BLOCKS = YES;
				GCC_WARN_64_TO_32_BIT_CONVERSION = YES;
				GCC_WARN_ABOUT_RETURN_TYPE = YES_ERROR;
				GCC_WARN_UNDECLARED_SELECTOR = YES;
				GCC_WARN_UNINITIALIZED_AUTOS = YES_AGGRESSIVE;
				GCC_WARN_UNUSED_FUNCTION = YES;
				GCC_WARN_UNUSED_VARIABLE = YES;
				IPHONEOS_DEPLOYMENT_TARGET = 8.0;
				MTL_ENABLE_DEBUG_INFO = NO;
				SDKROOT = iphoneos;
				VALIDATE_PRODUCT = YES;
			};
			name = Release;
		};
		90712F0019D481E700B980B0 /* Debug */ = {
			isa = XCBuildConfiguration;
			buildSettings = {
				ASSETCATALOG_COMPILER_APPICON_NAME = AppIcon;
				DEVELOPMENT_TEAM = B688N957UZ;
				INFOPLIST_FILE = CodingAutoLayoutBsp/Info.plist;
				LD_RUNPATH_SEARCH_PATHS = "$(inherited) @executable_path/Frameworks";
				PRODUCT_BUNDLE_IDENTIFIER = "christian.bleske.$(PRODUCT_NAME:rfc1034identifier)";
				PRODUCT_NAME = "$(TARGET_NAME)";
				SWIFT_VERSION = 3.0;
			};
			name = Debug;
		};
		90712F0119D481E700B980B0 /* Release */ = {
			isa = XCBuildConfiguration;
			buildSettings = {
				ASSETCATALOG_COMPILER_APPICON_NAME = AppIcon;
				DEVELOPMENT_TEAM = B688N957UZ;
				INFOPLIST_FILE = CodingAutoLayoutBsp/Info.plist;
				LD_RUNPATH_SEARCH_PATHS = "$(inherited) @executable_path/Frameworks";
				PRODUCT_BUNDLE_IDENTIFIER = "christian.bleske.$(PRODUCT_NAME:rfc1034identifier)";
				PRODUCT_NAME = "$(TARGET_NAME)";
				SWIFT_OPTIMIZATION_LEVEL = "-Owholemodule";
				SWIFT_VERSION = 3.0;
			};
			name = Release;
		};
/* End XCBuildConfiguration section */

/* Begin XCConfigurationList section */
		90712EDB19D481E700B980B0 /* Build configuration list for PBXProject "CodingAutoLayoutBsp" */ = {
			isa = XCConfigurationList;
			buildConfigurations = (
				90712EFD19D481E700B980B0 /* Debug */,
				90712EFE19D481E700B980B0 /* Release */,
			);
			defaultConfigurationIsVisible = 0;
			defaultConfigurationName = Release;
		};
		90712EFF19D481E700B980B0 /* Build configuration list for PBXNativeTarget "CodingAutoLayoutBsp" */ = {
			isa = XCConfigurationList;
			buildConfigurations = (
				90712F0019D481E700B980B0 /* Debug */,
				90712F0119D481E700B980B0 /* Release */,
			);
			defaultConfigurationIsVisible = 0;
			defaultConfigurationName = Release;
		};
/* End XCConfigurationList section */
	};
	rootObject = 90712ED819D481E700B980B0 /* Project object */;
}
